// !$*UTF8*$!
{
	archiveVersion = 1;
	classes = {
	};
	objectVersion = 77;
	objects = {

/* Begin PBXContainerItemProxy section */
		C096B1BE2C993F0E0027B45C /* PBXContainerItemProxy */ = {
			isa = PBXContainerItemProxy;
			containerPortal = C096B1A52C993F0C0027B45C /* Project object */;
			proxyType = 1;
			remoteGlobalIDString = C096B1AC2C993F0C0027B45C;
			remoteInfo = TextToSite;
		};
		C096B1C82C993F0E0027B45C /* PBXContainerItemProxy */ = {
			isa = PBXContainerItemProxy;
			containerPortal = C096B1A52C993F0C0027B45C /* Project object */;
			proxyType = 1;
			remoteGlobalIDString = C096B1AC2C993F0C0027B45C;
			remoteInfo = TextToSite;
		};
/* End PBXContainerItemProxy section */

/* Begin PBXFileReference section */
		C096B1AD2C993F0C0027B45C /* TextToSite.app */ = {isa = PBXFileReference; explicitFileType = wrapper.application; includeInIndex = 0; path = TextToSite.app; sourceTree = BUILT_PRODUCTS_DIR; };
		C096B1BD2C993F0E0027B45C /* TextToSiteTests.xctest */ = {isa = PBXFileReference; explicitFileType = wrapper.cfbundle; includeInIndex = 0; path = TextToSiteTests.xctest; sourceTree = BUILT_PRODUCTS_DIR; };
		C096B1C72C993F0E0027B45C /* TextToSiteUITests.xctest */ = {isa = PBXFileReference; explicitFileType = wrapper.cfbundle; includeInIndex = 0; path = TextToSiteUITests.xctest; sourceTree = BUILT_PRODUCTS_DIR; };
/* End PBXFileReference section */

/* Begin PBXFileSystemSynchronizedRootGroup section */
		C096B1AF2C993F0C0027B45C /* TextToSite */ = {
			isa = PBXFileSystemSynchronizedRootGroup;
			path = TextToSite;
			sourceTree = "<group>";
		};
		C096B1C02C993F0E0027B45C /* TextToSiteTests */ = {
			isa = PBXFileSystemSynchronizedRootGroup;
			path = TextToSiteTests;
			sourceTree = "<group>";
		};
		C096B1CA2C993F0E0027B45C /* TextToSiteUITests */ = {
			isa = PBXFileSystemSynchronizedRootGroup;
			path = TextToSiteUITests;
			sourceTree = "<group>";
		};
/* End PBXFileSystemSynchronizedRootGroup section */

/* Begin PBXFrameworksBuildPhase section */
		C096B1AA2C993F0C0027B45C /* Frameworks */ = {
			isa = PBXFrameworksBuildPhase;
			buildActionMask = 2147483647;
			files = (
			);
			runOnlyForDeploymentPostprocessing = 0;
		};
		C096B1BA2C993F0E0027B45C /* Frameworks */ = {
			isa = PBXFrameworksBuildPhase;
			buildActionMask = 2147483647;
			files = (
			);
			runOnlyForDeploymentPostprocessing = 0;
		};
		C096B1C42C993F0E0027B45C /* Frameworks */ = {
			isa = PBXFrameworksBuildPhase;
			buildActionMask = 2147483647;
			files = (
			);
			runOnlyForDeploymentPostprocessing = 0;
		};
/* End PBXFrameworksBuildPhase section */

/* Begin PBXGroup section */
		C096B1A42C993F0C0027B45C = {
			isa = PBXGroup;
			children = (
				C096B1AF2C993F0C0027B45C /* TextToSite */,
				C096B1C02C993F0E0027B45C /* TextToSiteTests */,
				C096B1CA2C993F0E0027B45C /* TextToSiteUITests */,
				C096B1AE2C993F0C0027B45C /* Products */,
			);
			sourceTree = "<group>";
		};
		C096B1AE2C993F0C0027B45C /* Products */ = {
			isa = PBXGroup;
			children = (
				C096B1AD2C993F0C0027B45C /* TextToSite.app */,
				C096B1BD2C993F0E0027B45C /* TextToSiteTests.xctest */,
				C096B1C72C993F0E0027B45C /* TextToSiteUITests.xctest */,
			);
			name = Products;
			sourceTree = "<group>";
		};
/* End PBXGroup section */

/* Begin PBXNativeTarget section */
		C096B1AC2C993F0C0027B45C /* TextToSite */ = {
			isa = PBXNativeTarget;
			buildConfigurationList = C096B1D12C993F0E0027B45C /* Build configuration list for PBXNativeTarget "TextToSite" */;
			buildPhases = (
				C096B1A92C993F0C0027B45C /* Sources */,
				C096B1AA2C993F0C0027B45C /* Frameworks */,
				C096B1AB2C993F0C0027B45C /* Resources */,
			);
			buildRules = (
			);
			dependencies = (
			);
			fileSystemSynchronizedGroups = (
				C096B1AF2C993F0C0027B45C /* TextToSite */,
			);
			name = TextToSite;
			packageProductDependencies = (
			);
			productName = TextToSite;
			productReference = C096B1AD2C993F0C0027B45C /* TextToSite.app */;
			productType = "com.apple.product-type.application";
		};
		C096B1BC2C993F0E0027B45C /* TextToSiteTests */ = {
			isa = PBXNativeTarget;
			buildConfigurationList = C096B1D42C993F0E0027B45C /* Build configuration list for PBXNativeTarget "TextToSiteTests" */;
			buildPhases = (
				C096B1B92C993F0E0027B45C /* Sources */,
				C096B1BA2C993F0E0027B45C /* Frameworks */,
				C096B1BB2C993F0E0027B45C /* Resources */,
			);
			buildRules = (
			);
			dependencies = (
				C096B1BF2C993F0E0027B45C /* PBXTargetDependency */,
			);
			fileSystemSynchronizedGroups = (
				C096B1C02C993F0E0027B45C /* TextToSiteTests */,
			);
			name = TextToSiteTests;
			packageProductDependencies = (
			);
			productName = TextToSiteTests;
			productReference = C096B1BD2C993F0E0027B45C /* TextToSiteTests.xctest */;
			productType = "com.apple.product-type.bundle.unit-test";
		};
		C096B1C62C993F0E0027B45C /* TextToSiteUITests */ = {
			isa = PBXNativeTarget;
			buildConfigurationList = C096B1D72C993F0E0027B45C /* Build configuration list for PBXNativeTarget "TextToSiteUITests" */;
			buildPhases = (
				C096B1C32C993F0E0027B45C /* Sources */,
				C096B1C42C993F0E0027B45C /* Frameworks */,
				C096B1C52C993F0E0027B45C /* Resources */,
			);
			buildRules = (
			);
			dependencies = (
				C096B1C92C993F0E0027B45C /* PBXTargetDependency */,
			);
			fileSystemSynchronizedGroups = (
				C096B1CA2C993F0E0027B45C /* TextToSiteUITests */,
			);
			name = TextToSiteUITests;
			packageProductDependencies = (
			);
			productName = TextToSiteUITests;
			productReference = C096B1C72C993F0E0027B45C /* TextToSiteUITests.xctest */;
			productType = "com.apple.product-type.bundle.ui-testing";
		};
/* End PBXNativeTarget section */

/* Begin PBXProject section */
		C096B1A52C993F0C0027B45C /* Project object */ = {
			isa = PBXProject;
			attributes = {
				BuildIndependentTargetsInParallel = 1;
				LastSwiftUpdateCheck = 1600;
				LastUpgradeCheck = 1600;
				TargetAttributes = {
					C096B1AC2C993F0C0027B45C = {
						CreatedOnToolsVersion = 16.0;
					};
					C096B1BC2C993F0E0027B45C = {
						CreatedOnToolsVersion = 16.0;
						TestTargetID = C096B1AC2C993F0C0027B45C;
					};
					C096B1C62C993F0E0027B45C = {
						CreatedOnToolsVersion = 16.0;
						TestTargetID = C096B1AC2C993F0C0027B45C;
					};
				};
			};
			buildConfigurationList = C096B1A82C993F0C0027B45C /* Build configuration list for PBXProject "TextToSite" */;
			developmentRegion = en;
			hasScannedForEncodings = 0;
			knownRegions = (
				en,
				Base,
			);
			mainGroup = C096B1A42C993F0C0027B45C;
			minimizedProjectReferenceProxies = 1;
			preferredProjectObjectVersion = 77;
			productRefGroup = C096B1AE2C993F0C0027B45C /* Products */;
			projectDirPath = "";
			projectRoot = "";
			targets = (
				C096B1AC2C993F0C0027B45C /* TextToSite */,
				C096B1BC2C993F0E0027B45C /* TextToSiteTests */,
				C096B1C62C993F0E0027B45C /* TextToSiteUITests */,
			);
		};
/* End PBXProject section */

/* Begin PBXResourcesBuildPhase section */
		C096B1AB2C993F0C0027B45C /* Resources */ = {
			isa = PBXResourcesBuildPhase;
			buildActionMask = 2147483647;
			files = (
			);
			runOnlyForDeploymentPostprocessing = 0;
		};
		C096B1BB2C993F0E0027B45C /* Resources */ = {
			isa = PBXResourcesBuildPhase;
			buildActionMask = 2147483647;
			files = (
			);
			runOnlyForDeploymentPostprocessing = 0;
		};
		C096B1C52C993F0E0027B45C /* Resources */ = {
			isa = PBXResourcesBuildPhase;
			buildActionMask = 2147483647;
			files = (
			);
			runOnlyForDeploymentPostprocessing = 0;
		};
/* End PBXResourcesBuildPhase section */

/* Begin PBXSourcesBuildPhase section */
		C096B1A92C993F0C0027B45C /* Sources */ = {
			isa = PBXSourcesBuildPhase;
			buildActionMask = 2147483647;
			files = (
			);
			runOnlyForDeploymentPostprocessing = 0;
		};
		C096B1B92C993F0E0027B45C /* Sources */ = {
			isa = PBXSourcesBuildPhase;
			buildActionMask = 2147483647;
			files = (
			);
			runOnlyForDeploymentPostprocessing = 0;
		};
		C096B1C32C993F0E0027B45C /* Sources */ = {
			isa = PBXSourcesBuildPhase;
			buildActionMask = 2147483647;
			files = (
			);
			runOnlyForDeploymentPostprocessing = 0;
		};
/* End PBXSourcesBuildPhase section */

/* Begin PBXTargetDependency section */
		C096B1BF2C993F0E0027B45C /* PBXTargetDependency */ = {
			isa = PBXTargetDependency;
			target = C096B1AC2C993F0C0027B45C /* TextToSite */;
			targetProxy = C096B1BE2C993F0E0027B45C /* PBXContainerItemProxy */;
		};
		C096B1C92C993F0E0027B45C /* PBXTargetDependency */ = {
			isa = PBXTargetDependency;
			target = C096B1AC2C993F0C0027B45C /* TextToSite */;
			targetProxy = C096B1C82C993F0E0027B45C /* PBXContainerItemProxy */;
		};
/* End PBXTargetDependency section */

/* Begin XCBuildConfiguration section */
		C096B1CF2C993F0E0027B45C /* Debug */ = {
			isa = XCBuildConfiguration;
			buildSettings = {
				ALWAYS_SEARCH_USER_PATHS = NO;
				ASSETCATALOG_COMPILER_GENERATE_SWIFT_ASSET_SYMBOL_EXTENSIONS = YES;
				CLANG_ANALYZER_NONNULL = YES;
				CLANG_ANALYZER_NUMBER_OBJECT_CONVERSION = YES_AGGRESSIVE;
				CLANG_CXX_LANGUAGE_STANDARD = "gnu++20";
				CLANG_ENABLE_MODULES = YES;
				CLANG_ENABLE_OBJC_ARC = YES;
				CLANG_ENABLE_OBJC_WEAK = YES;
				CLANG_WARN_BLOCK_CAPTURE_AUTORELEASING = YES;
				CLANG_WARN_BOOL_CONVERSION = YES;
				CLANG_WARN_COMMA = YES;
				CLANG_WARN_CONSTANT_CONVERSION = YES;
				CLANG_WARN_DEPRECATED_OBJC_IMPLEMENTATIONS = YES;
				CLANG_WARN_DIRECT_OBJC_ISA_USAGE = YES_ERROR;
				CLANG_WARN_DOCUMENTATION_COMMENTS = YES;
				CLANG_WARN_EMPTY_BODY = YES;
				CLANG_WARN_ENUM_CONVERSION = YES;
				CLANG_WARN_INFINITE_RECURSION = YES;
				CLANG_WARN_INT_CONVERSION = YES;
				CLANG_WARN_NON_LITERAL_NULL_CONVERSION = YES;
				CLANG_WARN_OBJC_IMPLICIT_RETAIN_SELF = YES;
				CLANG_WARN_OBJC_LITERAL_CONVERSION = YES;
				CLANG_WARN_OBJC_ROOT_CLASS = YES_ERROR;
				CLANG_WARN_QUOTED_INCLUDE_IN_FRAMEWORK_HEADER = YES;
				CLANG_WARN_RANGE_LOOP_ANALYSIS = YES;
				CLANG_WARN_STRICT_PROTOTYPES = YES;
				CLANG_WARN_SUSPICIOUS_MOVE = YES;
				CLANG_WARN_UNGUARDED_AVAILABILITY = YES_AGGRESSIVE;
				CLANG_WARN_UNREACHABLE_CODE = YES;
				CLANG_WARN__DUPLICATE_METHOD_MATCH = YES;
				COPY_PHASE_STRIP = NO;
				DEBUG_INFORMATION_FORMAT = dwarf;
				ENABLE_STRICT_OBJC_MSGSEND = YES;
				ENABLE_TESTABILITY = YES;
				ENABLE_USER_SCRIPT_SANDBOXING = YES;
				GCC_C_LANGUAGE_STANDARD = gnu17;
				GCC_DYNAMIC_NO_PIC = NO;
				GCC_NO_COMMON_BLOCKS = YES;
				GCC_OPTIMIZATION_LEVEL = 0;
				GCC_PREPROCESSOR_DEFINITIONS = (
					"DEBUG=1",
					"$(inherited)",
				);
				GCC_WARN_64_TO_32_BIT_CONVERSION = YES;
				GCC_WARN_ABOUT_RETURN_TYPE = YES_ERROR;
				GCC_WARN_UNDECLARED_SELECTOR = YES;
				GCC_WARN_UNINITIALIZED_AUTOS = YES_AGGRESSIVE;
				GCC_WARN_UNUSED_FUNCTION = YES;
				GCC_WARN_UNUSED_VARIABLE = YES;
				IPHONEOS_DEPLOYMENT_TARGET = 18.0;
				LOCALIZATION_PREFERS_STRING_CATALOGS = YES;
				MTL_ENABLE_DEBUG_INFO = INCLUDE_SOURCE;
				MTL_FAST_MATH = YES;
				ONLY_ACTIVE_ARCH = YES;
				SDKROOT = iphoneos;
				SWIFT_ACTIVE_COMPILATION_CONDITIONS = "DEBUG $(inherited)";
				SWIFT_OPTIMIZATION_LEVEL = "-Onone";
			};
			name = Debug;
		};
		C096B1D02C993F0E0027B45C /* Release */ = {
			isa = XCBuildConfiguration;
			buildSettings = {
				ALWAYS_SEARCH_USER_PATHS = NO;
				ASSETCATALOG_COMPILER_GENERATE_SWIFT_ASSET_SYMBOL_EXTENSIONS = YES;
				CLANG_ANALYZER_NONNULL = YES;
				CLANG_ANALYZER_NUMBER_OBJECT_CONVERSION = YES_AGGRESSIVE;
				CLANG_CXX_LANGUAGE_STANDARD = "gnu++20";
				CLANG_ENABLE_MODULES = YES;
				CLANG_ENABLE_OBJC_ARC = YES;
				CLANG_ENABLE_OBJC_WEAK = YES;
				CLANG_WARN_BLOCK_CAPTURE_AUTORELEASING = YES;
				CLANG_WARN_BOOL_CONVERSION = YES;
				CLANG_WARN_COMMA = YES;
				CLANG_WARN_CONSTANT_CONVERSION = YES;
				CLANG_WARN_DEPRECATED_OBJC_IMPLEMENTATIONS = YES;
				CLANG_WARN_DIRECT_OBJC_ISA_USAGE = YES_ERROR;
				CLANG_WARN_DOCUMENTATION_COMMENTS = YES;
				CLANG_WARN_EMPTY_BODY = YES;
				CLANG_WARN_ENUM_CONVERSION = YES;
				CLANG_WARN_INFINITE_RECURSION = YES;
				CLANG_WARN_INT_CONVERSION = YES;
				CLANG_WARN_NON_LITERAL_NULL_CONVERSION = YES;
				CLANG_WARN_OBJC_IMPLICIT_RETAIN_SELF = YES;
				CLANG_WARN_OBJC_LITERAL_CONVERSION = YES;
				CLANG_WARN_OBJC_ROOT_CLASS = YES_ERROR;
				CLANG_WARN_QUOTED_INCLUDE_IN_FRAMEWORK_HEADER = YES;
				CLANG_WARN_RANGE_LOOP_ANALYSIS = YES;
				CLANG_WARN_STRICT_PROTOTYPES = YES;
				CLANG_WARN_SUSPICIOUS_MOVE = YES;
				CLANG_WARN_UNGUARDED_AVAILABILITY = YES_AGGRESSIVE;
				CLANG_WARN_UNREACHABLE_CODE = YES;
				CLANG_WARN__DUPLICATE_METHOD_MATCH = YES;
				COPY_PHASE_STRIP = NO;
				DEBUG_INFORMATION_FORMAT = "dwarf-with-dsym";
				ENABLE_NS_ASSERTIONS = NO;
				ENABLE_STRICT_OBJC_MSGSEND = YES;
				ENABLE_USER_SCRIPT_SANDBOXING = YES;
				GCC_C_LANGUAGE_STANDARD = gnu17;
				GCC_NO_COMMON_BLOCKS = YES;
				GCC_WARN_64_TO_32_BIT_CONVERSION = YES;
				GCC_WARN_ABOUT_RETURN_TYPE = YES_ERROR;
				GCC_WARN_UNDECLARED_SELECTOR = YES;
				GCC_WARN_UNINITIALIZED_AUTOS = YES_AGGRESSIVE;
				GCC_WARN_UNUSED_FUNCTION = YES;
				GCC_WARN_UNUSED_VARIABLE = YES;
				IPHONEOS_DEPLOYMENT_TARGET = 18.0;
				LOCALIZATION_PREFERS_STRING_CATALOGS = YES;
				MTL_ENABLE_DEBUG_INFO = NO;
				MTL_FAST_MATH = YES;
				SDKROOT = iphoneos;
				SWIFT_COMPILATION_MODE = wholemodule;
				VALIDATE_PRODUCT = YES;
			};
			name = Release;
		};
		C096B1D22C993F0E0027B45C /* Debug */ = {
			isa = XCBuildConfiguration;
			buildSettings = {
				ASSETCATALOG_COMPILER_APPICON_NAME = AppIcon;
				ASSETCATALOG_COMPILER_GLOBAL_ACCENT_COLOR_NAME = AccentColor;
				CODE_SIGN_STYLE = Automatic;
				CURRENT_PROJECT_VERSION = 1;
				DEVELOPMENT_ASSET_PATHS = "\"TextToSite/Preview Content\"";
				ENABLE_PREVIEWS = YES;
				GENERATE_INFOPLIST_FILE = YES;
				INFOPLIST_KEY_UIApplicationSceneManifest_Generation = YES;
				INFOPLIST_KEY_UIApplicationSupportsIndirectInputEvents = YES;
				INFOPLIST_KEY_UILaunchScreen_Generation = YES;
				INFOPLIST_KEY_UISupportedInterfaceOrientations_iPad = "UIInterfaceOrientationPortrait UIInterfaceOrientationPortraitUpsideDown UIInterfaceOrientationLandscapeLeft UIInterfaceOrientationLandscapeRight";
				INFOPLIST_KEY_UISupportedInterfaceOrientations_iPhone = "UIInterfaceOrientationPortrait UIInterfaceOrientationLandscapeLeft UIInterfaceOrientationLandscapeRight";
				LD_RUNPATH_SEARCH_PATHS = (
					"$(inherited)",
					"@executable_path/Frameworks",
				);
				MARKETING_VERSION = 1.0;
				PRODUCT_BUNDLE_IDENTIFIER = com.shobhakar.us.development.TextToSite;
				PRODUCT_NAME = "$(TARGET_NAME)";
				SWIFT_EMIT_LOC_STRINGS = YES;
				SWIFT_VERSION = 5.0;
				TARGETED_DEVICE_FAMILY = "1,2";
			};
			name = Debug;
		};
		C096B1D32C993F0E0027B45C /* Release */ = {
			isa = XCBuildConfiguration;
			buildSettings = {
				ASSETCATALOG_COMPILER_APPICON_NAME = AppIcon;
				ASSETCATALOG_COMPILER_GLOBAL_ACCENT_COLOR_NAME = AccentColor;
				CODE_SIGN_STYLE = Automatic;
				CURRENT_PROJECT_VERSION = 1;
				DEVELOPMENT_ASSET_PATHS = "\"TextToSite/Preview Content\"";
				ENABLE_PREVIEWS = YES;
				GENERATE_INFOPLIST_FILE = YES;
				INFOPLIST_KEY_UIApplicationSceneManifest_Generation = YES;
				INFOPLIST_KEY_UIApplicationSupportsIndirectInputEvents = YES;
				INFOPLIST_KEY_UILaunchScreen_Generation = YES;
				INFOPLIST_KEY_UISupportedInterfaceOrientations_iPad = "UIInterfaceOrientationPortrait UIInterfaceOrientationPortraitUpsideDown UIInterfaceOrientationLandscapeLeft UIInterfaceOrientationLandscapeRight";
				INFOPLIST_KEY_UISupportedInterfaceOrientations_iPhone = "UIInterfaceOrientationPortrait UIInterfaceOrientationLandscapeLeft UIInterfaceOrientationLandscapeRight";
				LD_RUNPATH_SEARCH_PATHS = (
					"$(inherited)",
					"@executable_path/Frameworks",
				);
				MARKETING_VERSION = 1.0;
				PRODUCT_BUNDLE_IDENTIFIER = com.shobhakar.us.development.TextToSite;
				PRODUCT_NAME = "$(TARGET_NAME)";
				SWIFT_EMIT_LOC_STRINGS = YES;
				SWIFT_VERSION = 5.0;
				TARGETED_DEVICE_FAMILY = "1,2";
			};
			name = Release;
		};
		C096B1D52C993F0E0027B45C /* Debug */ = {
			isa = XCBuildConfiguration;
			buildSettings = {
				BUNDLE_LOADER = "$(TEST_HOST)";
				CODE_SIGN_STYLE = Automatic;
				CURRENT_PROJECT_VERSION = 1;
				GENERATE_INFOPLIST_FILE = YES;
				IPHONEOS_DEPLOYMENT_TARGET = 18.0;
				MARKETING_VERSION = 1.0;
				PRODUCT_BUNDLE_IDENTIFIER = com.shobhakar.us.development.TextToSiteTests;
				PRODUCT_NAME = "$(TARGET_NAME)";
				SWIFT_EMIT_LOC_STRINGS = NO;
				SWIFT_VERSION = 5.0;
				TARGETED_DEVICE_FAMILY = "1,2";
				TEST_HOST = "$(BUILT_PRODUCTS_DIR)/TextToSite.app/$(BUNDLE_EXECUTABLE_FOLDER_PATH)/TextToSite";
			};
			name = Debug;
		};
		C096B1D62C993F0E0027B45C /* Release */ = {
			isa = XCBuildConfiguration;
			buildSettings = {
				BUNDLE_LOADER = "$(TEST_HOST)";
				CODE_SIGN_STYLE = Automatic;
				CURRENT_PROJECT_VERSION = 1;
				GENERATE_INFOPLIST_FILE = YES;
				IPHONEOS_DEPLOYMENT_TARGET = 18.0;
				MARKETING_VERSION = 1.0;
				PRODUCT_BUNDLE_IDENTIFIER = com.shobhakar.us.development.TextToSiteTests;
				PRODUCT_NAME = "$(TARGET_NAME)";
				SWIFT_EMIT_LOC_STRINGS = NO;
				SWIFT_VERSION = 5.0;
				TARGETED_DEVICE_FAMILY = "1,2";
				TEST_HOST = "$(BUILT_PRODUCTS_DIR)/TextToSite.app/$(BUNDLE_EXECUTABLE_FOLDER_PATH)/TextToSite";
			};
			name = Release;
		};
		C096B1D82C993F0E0027B45C /* Debug */ = {
			isa = XCBuildConfiguration;
			buildSettings = {
				CODE_SIGN_STYLE = Automatic;
				CURRENT_PROJECT_VERSION = 1;
				GENERATE_INFOPLIST_FILE = YES;
				MARKETING_VERSION = 1.0;
				PRODUCT_BUNDLE_IDENTIFIER = com.shobhakar.us.development.TextToSiteUITests;
				PRODUCT_NAME = "$(TARGET_NAME)";
				SWIFT_EMIT_LOC_STRINGS = NO;
				SWIFT_VERSION = 5.0;
				TARGETED_DEVICE_FAMILY = "1,2";
				TEST_TARGET_NAME = TextToSite;
			};
			name = Debug;
		};
		C096B1D92C993F0E0027B45C /* Release */ = {
			isa = XCBuildConfiguration;
			buildSettings = {
				CODE_SIGN_STYLE = Automatic;
				CURRENT_PROJECT_VERSION = 1;
				GENERATE_INFOPLIST_FILE = YES;
				MARKETING_VERSION = 1.0;
				PRODUCT_BUNDLE_IDENTIFIER = com.shobhakar.us.development.TextToSiteUITests;
				PRODUCT_NAME = "$(TARGET_NAME)";
				SWIFT_EMIT_LOC_STRINGS = NO;
				SWIFT_VERSION = 5.0;
				TARGETED_DEVICE_FAMILY = "1,2";
				TEST_TARGET_NAME = TextToSite;
			};
			name = Release;
		};
/* End XCBuildConfiguration section */

/* Begin XCConfigurationList section */
		C096B1A82C993F0C0027B45C /* Build configuration list for PBXProject "TextToSite" */ = {
			isa = XCConfigurationList;
			buildConfigurations = (
				C096B1CF2C993F0E0027B45C /* Debug */,
				C096B1D02C993F0E0027B45C /* Release */,
			);
			defaultConfigurationIsVisible = 0;
			defaultConfigurationName = Release;
		};
		C096B1D12C993F0E0027B45C /* Build configuration list for PBXNativeTarget "TextToSite" */ = {
			isa = XCConfigurationList;
			buildConfigurations = (
				C096B1D22C993F0E0027B45C /* Debug */,
				C096B1D32C993F0E0027B45C /* Release */,
			);
			defaultConfigurationIsVisible = 0;
			defaultConfigurationName = Release;
		};
		C096B1D42C993F0E0027B45C /* Build configuration list for PBXNativeTarget "TextToSiteTests" */ = {
			isa = XCConfigurationList;
			buildConfigurations = (
				C096B1D52C993F0E0027B45C /* Debug */,
				C096B1D62C993F0E0027B45C /* Release */,
			);
			defaultConfigurationIsVisible = 0;
			defaultConfigurationName = Release;
		};
		C096B1D72C993F0E0027B45C /* Build configuration list for PBXNativeTarget "TextToSiteUITests" */ = {
			isa = XCConfigurationList;
			buildConfigurations = (
				C096B1D82C993F0E0027B45C /* Debug */,
				C096B1D92C993F0E0027B45C /* Release */,
			);
			defaultConfigurationIsVisible = 0;
			defaultConfigurationName = Release;
		};
/* End XCConfigurationList section */
	};
	rootObject = C096B1A52C993F0C0027B45C /* Project object */;
}
